
Microsoft Visual Studio Solution File, Format Version 12.00
# Visual Studio 15
VisualStudioVersion = 15.0.28307.421
MinimumVisualStudioVersion = 10.0.40219.1
Project("{FAE04EC0-301F-11D3-BF4B-00C04F79EFBC}") = "Kalkulator", "Kalkulator\Kalkulator.csproj", "{4395D4AF-9F8F-4D03-AB7F-19E621C852A6}"
EndProject
Global
	GlobalSection(SolutionConfigurationPlatforms) = preSolution
		Debug|Any CPU = Debug|Any CPU
		Release|Any CPU = Release|Any CPU
	EndGlobalSection
	GlobalSection(ProjectConfigurationPlatforms) = postSolution
		{4395D4AF-9F8F-4D03-AB7F-19E621C852A6}.Debug|Any CPU.ActiveCfg = Debug|Any CPU
		{4395D4AF-9F8F-4D03-AB7F-19E621C852A6}.Debug|Any CPU.Build.0 = Debug|Any CPU
		{4395D4AF-9F8F-4D03-AB7F-19E621C852A6}.Release|Any CPU.ActiveCfg = Release|Any CPU
		{4395D4AF-9F8F-4D03-AB7F-19E621C852A6}.Release|Any CPU.Build.0 = Release|Any CPU
	EndGlobalSection
	GlobalSection(SolutionProperties) = preSolution
		HideSolutionNode = FALSE
	EndGlobalSection
	GlobalSection(ExtensibilityGlobals) = postSolution
		SolutionGuid = {3FD85314-D352-4374-8663-BE9D410652A3}
	EndGlobalSection
EndGlobal
